PODS:
  - AutoCoding (2.2.3)
  - DZNEmptyDataSet (1.7.3)
  - JGMethodSwizzler (2.0.1)
  - KissXML (5.1.2):
    - KissXML/Core (= 5.1.2)
  - KissXML/Core (5.1.2)
  - MRProgress (0.7.0):
    - MRProgress/ActivityIndicator (= 0.7.0)
    - MRProgress/Blur (= 0.7.0)
    - MRProgress/Circular (= 0.7.0)
    - MRProgress/Icons (= 0.7.0)
    - MRProgress/NavigationBarProgress (= 0.7.0)
    - MRProgress/Overlay (= 0.7.0)
  - MRProgress/ActivityIndicator (0.7.0):
    - MRProgress/Stopable
  - MRProgress/Blur (0.7.0):
    - MRProgress/Helper
  - MRProgress/Circular (0.7.0):
    - MRProgress/Helper
    - MRProgress/ProgressBaseClass
    - MRProgress/Stopable
  - MRProgress/Helper (0.7.0)
  - MRProgress/Icons (0.7.0)
  - MRProgress/NavigationBarProgress (0.7.0):
    - MRProgress/ProgressBaseClass
  - MRProgress/Overlay (0.7.0):
    - MRProgress/ActivityIndicator
    - MRProgress/Blur
    - MRProgress/Circular
    - MRProgress/Helper
    - MRProgress/Icons
  - MRProgress/ProgressBaseClass (0.7.0)
  - MRProgress/Stopable (0.7.0):
    - MRProgress/Helper
  - NSTimer-Blocks (0.0.1)
  - "UIAlertView+Blocks (0.9)"

DEPENDENCIES:
  - AutoCoding
  - DZNEmptyDataSet (from `https://github.com/benrudhart/DZNEmptyDataSet.git`)
  - JGMethodSwizzler
  - KissXML (from `Modified Pods/KissXML-5.1.2/KissXML.podspec`)
  - MRProgress (from `Modified Pods/MRProgress/MRProgress.podspec`)
  - NSTimer-Blocks
  - "UIAlertView+Blocks"

SPEC REPOS:
  trunk:
    - AutoCoding
    - JGMethodSwizzler
    - NSTimer-Blocks
    - "UIAlertView+Blocks"

EXTERNAL SOURCES:
  DZNEmptyDataSet:
    :git: https://github.com/benrudhart/DZNEmptyDataSet.git
  KissXML:
    :path: Modified Pods/KissXML-5.1.2/KissXML.podspec
  MRProgress:
    :path: Modified Pods/MRProgress/MRProgress.podspec

CHECKOUT OPTIONS:
  DZNEmptyDataSet:
    :commit: 7b9c2734aa5832606099fb1dee7b3ed188d627d4
    :git: https://github.com/benrudhart/DZNEmptyDataSet.git

SPEC CHECKSUMS:
  AutoCoding: 90ca3cbc0d77a37cfff75167d705b44148c5fc51
  DZNEmptyDataSet: dd7cca17c1d07dfa78956859b1e70a52505678ef
  JGMethodSwizzler: e0ea5c1c6c55304ec4ef3f54e441400c6735c899
  KissXML: 246c842586bb77110e04fb88e19376d96245c856
  MRProgress: ae0bff676bc83d62cfd5567bba3325f4617c7215
  NSTimer-Blocks: 88faf9aef5f250ead087f3f67ae642517083bf36
  "UIAlertView+Blocks": a46c99c5144f6c5dbc7d62fd2a0678daceec89a3

PODFILE CHECKSUM: 7fc128ed44bdd5bdaea73c0f70337c7b49e71237

COCOAPODS: 1.15.2
